// !$*UTF8*$!
{
	archiveVersion = 1;
	classes = {
	};
	objectVersion = 56;
	objects = {

/* Begin PBXBuildFile section */
		41B222E32AB6562900C2E23C /* AppDelegate.swift in Sources */ = {isa = PBXBuildFile; fileRef = 41B222E22AB6562900C2E23C /* AppDelegate.swift */; };
		41B222E52AB6562900C2E23C /* SceneDelegate.swift in Sources */ = {isa = PBXBuildFile; fileRef = 41B222E42AB6562900C2E23C /* SceneDelegate.swift */; };
		41B222E72AB6562900C2E23C /* RMTabBarViewController.swift in Sources */ = {isa = PBXBuildFile; fileRef = 41B222E62AB6562900C2E23C /* RMTabBarViewController.swift */; };
		41B222EC2AB6562B00C2E23C /* Assets.xcassets in Resources */ = {isa = PBXBuildFile; fileRef = 41B222EB2AB6562B00C2E23C /* Assets.xcassets */; };
		41B222EF2AB6562B00C2E23C /* LaunchScreen.storyboard in Resources */ = {isa = PBXBuildFile; fileRef = 41B222ED2AB6562B00C2E23C /* LaunchScreen.storyboard */; };
		41B222FF2AB67C1D00C2E23C /* RMLocation.swift in Sources */ = {isa = PBXBuildFile; fileRef = 41B222FE2AB67C1D00C2E23C /* RMLocation.swift */; };
		41B223012AB67C2D00C2E23C /* RMCharacter.swift in Sources */ = {isa = PBXBuildFile; fileRef = 41B223002AB67C2D00C2E23C /* RMCharacter.swift */; };
		41B223032AB67C3A00C2E23C /* RMEpisode.swift in Sources */ = {isa = PBXBuildFile; fileRef = 41B223022AB67C3A00C2E23C /* RMEpisode.swift */; };
		41B223062AB6852C00C2E23C /* RMCharacterViewController.swift in Sources */ = {isa = PBXBuildFile; fileRef = 41B223052AB6852C00C2E23C /* RMCharacterViewController.swift */; };
		41B223082AB6854500C2E23C /* RMEpisodesViewController.swift in Sources */ = {isa = PBXBuildFile; fileRef = 41B223072AB6854500C2E23C /* RMEpisodesViewController.swift */; };
		41B2230A2AB6855B00C2E23C /* RMLocationViewController.swift in Sources */ = {isa = PBXBuildFile; fileRef = 41B223092AB6855B00C2E23C /* RMLocationViewController.swift */; };
		41B2230C2AB6858400C2E23C /* RMSettingsViewController.swift in Sources */ = {isa = PBXBuildFile; fileRef = 41B2230B2AB6858400C2E23C /* RMSettingsViewController.swift */; };
		41B2230E2AB7A44C00C2E23C /* RMservice.swift in Sources */ = {isa = PBXBuildFile; fileRef = 41B2230D2AB7A44C00C2E23C /* RMservice.swift */; };
		41B223102AB7A46A00C2E23C /* RMRequest.swift in Sources */ = {isa = PBXBuildFile; fileRef = 41B2230F2AB7A46A00C2E23C /* RMRequest.swift */; };
		41B223122AB7A5E500C2E23C /* RMEndpoint.swift in Sources */ = {isa = PBXBuildFile; fileRef = 41B223112AB7A5E500C2E23C /* RMEndpoint.swift */; };
/* End PBXBuildFile section */

/* Begin PBXFileReference section */
		41B222DF2AB6562900C2E23C /* RickAndMorty.app */ = {isa = PBXFileReference; explicitFileType = wrapper.application; includeInIndex = 0; path = RickAndMorty.app; sourceTree = BUILT_PRODUCTS_DIR; };
		41B222E22AB6562900C2E23C /* AppDelegate.swift */ = {isa = PBXFileReference; lastKnownFileType = sourcecode.swift; path = AppDelegate.swift; sourceTree = "<group>"; };
		41B222E42AB6562900C2E23C /* SceneDelegate.swift */ = {isa = PBXFileReference; lastKnownFileType = sourcecode.swift; path = SceneDelegate.swift; sourceTree = "<group>"; };
		41B222E62AB6562900C2E23C /* RMTabBarViewController.swift */ = {isa = PBXFileReference; lastKnownFileType = sourcecode.swift; path = RMTabBarViewController.swift; sourceTree = "<group>"; };
		41B222EB2AB6562B00C2E23C /* Assets.xcassets */ = {isa = PBXFileReference; lastKnownFileType = folder.assetcatalog; path = Assets.xcassets; sourceTree = "<group>"; };
		41B222EE2AB6562B00C2E23C /* Base */ = {isa = PBXFileReference; lastKnownFileType = file.storyboard; name = Base; path = Base.lproj/LaunchScreen.storyboard; sourceTree = "<group>"; };
		41B222F02AB6562B00C2E23C /* Info.plist */ = {isa = PBXFileReference; lastKnownFileType = text.plist.xml; path = Info.plist; sourceTree = "<group>"; };
		41B222FE2AB67C1D00C2E23C /* RMLocation.swift */ = {isa = PBXFileReference; lastKnownFileType = sourcecode.swift; path = RMLocation.swift; sourceTree = "<group>"; };
		41B223002AB67C2D00C2E23C /* RMCharacter.swift */ = {isa = PBXFileReference; lastKnownFileType = sourcecode.swift; path = RMCharacter.swift; sourceTree = "<group>"; };
		41B223022AB67C3A00C2E23C /* RMEpisode.swift */ = {isa = PBXFileReference; lastKnownFileType = sourcecode.swift; path = RMEpisode.swift; sourceTree = "<group>"; };
		41B223052AB6852C00C2E23C /* RMCharacterViewController.swift */ = {isa = PBXFileReference; lastKnownFileType = sourcecode.swift; path = RMCharacterViewController.swift; sourceTree = "<group>"; };
		41B223072AB6854500C2E23C /* RMEpisodesViewController.swift */ = {isa = PBXFileReference; lastKnownFileType = sourcecode.swift; path = RMEpisodesViewController.swift; sourceTree = "<group>"; };
		41B223092AB6855B00C2E23C /* RMLocationViewController.swift */ = {isa = PBXFileReference; lastKnownFileType = sourcecode.swift; path = RMLocationViewController.swift; sourceTree = "<group>"; };
		41B2230B2AB6858400C2E23C /* RMSettingsViewController.swift */ = {isa = PBXFileReference; lastKnownFileType = sourcecode.swift; path = RMSettingsViewController.swift; sourceTree = "<group>"; };
		41B2230D2AB7A44C00C2E23C /* RMservice.swift */ = {isa = PBXFileReference; lastKnownFileType = sourcecode.swift; path = RMservice.swift; sourceTree = "<group>"; };
		41B2230F2AB7A46A00C2E23C /* RMRequest.swift */ = {isa = PBXFileReference; lastKnownFileType = sourcecode.swift; path = RMRequest.swift; sourceTree = "<group>"; };
		41B223112AB7A5E500C2E23C /* RMEndpoint.swift */ = {isa = PBXFileReference; lastKnownFileType = sourcecode.swift; path = RMEndpoint.swift; sourceTree = "<group>"; };
/* End PBXFileReference section */

/* Begin PBXFrameworksBuildPhase section */
		41B222DC2AB6562900C2E23C /* Frameworks */ = {
			isa = PBXFrameworksBuildPhase;
			buildActionMask = 2147483647;
			files = (
			);
			runOnlyForDeploymentPostprocessing = 0;
		};
/* End PBXFrameworksBuildPhase section */

/* Begin PBXGroup section */
		41B222D62AB6562900C2E23C = {
			isa = PBXGroup;
			children = (
				41B222E12AB6562900C2E23C /* RickAndMorty */,
				41B222E02AB6562900C2E23C /* Products */,
			);
			sourceTree = "<group>";
		};
		41B222E02AB6562900C2E23C /* Products */ = {
			isa = PBXGroup;
			children = (
				41B222DF2AB6562900C2E23C /* RickAndMorty.app */,
			);
			name = Products;
			sourceTree = "<group>";
		};
		41B222E12AB6562900C2E23C /* RickAndMorty */ = {
			isa = PBXGroup;
			children = (
				41B222FD2AB676BD00C2E23C /* Resources */,
				41B222FC2AB676AC00C2E23C /* Managers */,
				41B222FB2AB6768D00C2E23C /* Controllers */,
				41B222FA2AB6767000C2E23C /* APIClient */,
				41B222F72AB675DB00C2E23C /* Models */,
				41B222F92AB6766100C2E23C /* ViewModels */,
				41B222F62AB675D400C2E23C /* Views */,
				41B222F02AB6562B00C2E23C /* Info.plist */,
			);
			path = RickAndMorty;
			sourceTree = "<group>";
		};
		41B222F62AB675D400C2E23C /* Views */ = {
			isa = PBXGroup;
			children = (
			);
			name = Views;
			sourceTree = "<group>";
		};
		41B222F72AB675DB00C2E23C /* Models */ = {
			isa = PBXGroup;
			children = (
				41B222FE2AB67C1D00C2E23C /* RMLocation.swift */,
				41B223002AB67C2D00C2E23C /* RMCharacter.swift */,
				41B223022AB67C3A00C2E23C /* RMEpisode.swift */,
			);
			name = Models;
			sourceTree = "<group>";
		};
		41B222F92AB6766100C2E23C /* ViewModels */ = {
			isa = PBXGroup;
			children = (
			);
			name = ViewModels;
			sourceTree = "<group>";
		};
		41B222FA2AB6767000C2E23C /* APIClient */ = {
			isa = PBXGroup;
			children = (
				41B2230D2AB7A44C00C2E23C /* RMservice.swift */,
				41B2230F2AB7A46A00C2E23C /* RMRequest.swift */,
				41B223112AB7A5E500C2E23C /* RMEndpoint.swift */,
			);
			name = APIClient;
			sourceTree = "<group>";
		};
		41B222FB2AB6768D00C2E23C /* Controllers */ = {
			isa = PBXGroup;
			children = (
				41B223042AB684A600C2E23C /* Core */,
			);
			name = Controllers;
			sourceTree = "<group>";
		};
		41B222FC2AB676AC00C2E23C /* Managers */ = {
			isa = PBXGroup;
			children = (
			);
			name = Managers;
			sourceTree = "<group>";
		};
		41B222FD2AB676BD00C2E23C /* Resources */ = {
			isa = PBXGroup;
			children = (
				41B222EB2AB6562B00C2E23C /* Assets.xcassets */,
				41B222E42AB6562900C2E23C /* SceneDelegate.swift */,
				41B222E22AB6562900C2E23C /* AppDelegate.swift */,
				41B222ED2AB6562B00C2E23C /* LaunchScreen.storyboard */,
			);
			name = Resources;
			sourceTree = "<group>";
		};
		41B223042AB684A600C2E23C /* Core */ = {
			isa = PBXGroup;
			children = (
				41B222E62AB6562900C2E23C /* RMTabBarViewController.swift */,
				41B223052AB6852C00C2E23C /* RMCharacterViewController.swift */,
				41B223092AB6855B00C2E23C /* RMLocationViewController.swift */,
				41B223072AB6854500C2E23C /* RMEpisodesViewController.swift */,
				41B2230B2AB6858400C2E23C /* RMSettingsViewController.swift */,
			);
			name = Core;
			sourceTree = "<group>";
		};
/* End PBXGroup section */

/* Begin PBXNativeTarget section */
		41B222DE2AB6562900C2E23C /* RickAndMorty */ = {
			isa = PBXNativeTarget;
			buildConfigurationList = 41B222F32AB6562B00C2E23C /* Build configuration list for PBXNativeTarget "RickAndMorty" */;
			buildPhases = (
				41B222DB2AB6562900C2E23C /* Sources */,
				41B222DC2AB6562900C2E23C /* Frameworks */,
				41B222DD2AB6562900C2E23C /* Resources */,
			);
			buildRules = (
			);
			dependencies = (
			);
			name = RickAndMorty;
			productName = RickAndMorty;
			productReference = 41B222DF2AB6562900C2E23C /* RickAndMorty.app */;
			productType = "com.apple.product-type.application";
		};
/* End PBXNativeTarget section */

/* Begin PBXProject section */
		41B222D72AB6562900C2E23C /* Project object */ = {
			isa = PBXProject;
			attributes = {
				BuildIndependentTargetsInParallel = 1;
				LastSwiftUpdateCheck = 1430;
				LastUpgradeCheck = 1430;
				TargetAttributes = {
					41B222DE2AB6562900C2E23C = {
						CreatedOnToolsVersion = 14.3.1;
					};
				};
			};
			buildConfigurationList = 41B222DA2AB6562900C2E23C /* Build configuration list for PBXProject "RickAndMorty" */;
			compatibilityVersion = "Xcode 14.0";
			developmentRegion = en;
			hasScannedForEncodings = 0;
			knownRegions = (
				en,
				Base,
			);
			mainGroup = 41B222D62AB6562900C2E23C;
			productRefGroup = 41B222E02AB6562900C2E23C /* Products */;
			projectDirPath = "";
			projectRoot = "";
			targets = (
				41B222DE2AB6562900C2E23C /* RickAndMorty */,
			);
		};
/* End PBXProject section */

/* Begin PBXResourcesBuildPhase section */
		41B222DD2AB6562900C2E23C /* Resources */ = {
			isa = PBXResourcesBuildPhase;
			buildActionMask = 2147483647;
			files = (
				41B222EF2AB6562B00C2E23C /* LaunchScreen.storyboard in Resources */,
				41B222EC2AB6562B00C2E23C /* Assets.xcassets in Resources */,
			);
			runOnlyForDeploymentPostprocessing = 0;
		};
/* End PBXResourcesBuildPhase section */

/* Begin PBXSourcesBuildPhase section */
		41B222DB2AB6562900C2E23C /* Sources */ = {
			isa = PBXSourcesBuildPhase;
			buildActionMask = 2147483647;
			files = (
				41B2230A2AB6855B00C2E23C /* RMLocationViewController.swift in Sources */,
				41B223032AB67C3A00C2E23C /* RMEpisode.swift in Sources */,
				41B222E72AB6562900C2E23C /* RMTabBarViewController.swift in Sources */,
				41B222E32AB6562900C2E23C /* AppDelegate.swift in Sources */,
				41B222E52AB6562900C2E23C /* SceneDelegate.swift in Sources */,
				41B222FF2AB67C1D00C2E23C /* RMLocation.swift in Sources */,
				41B2230C2AB6858400C2E23C /* RMSettingsViewController.swift in Sources */,
				41B2230E2AB7A44C00C2E23C /* RMservice.swift in Sources */,
				41B223012AB67C2D00C2E23C /* RMCharacter.swift in Sources */,
				41B223122AB7A5E500C2E23C /* RMEndpoint.swift in Sources */,
				41B223062AB6852C00C2E23C /* RMCharacterViewController.swift in Sources */,
				41B223102AB7A46A00C2E23C /* RMRequest.swift in Sources */,
				41B223082AB6854500C2E23C /* RMEpisodesViewController.swift in Sources */,
			);
			runOnlyForDeploymentPostprocessing = 0;
		};
/* End PBXSourcesBuildPhase section */

/* Begin PBXVariantGroup section */
		41B222ED2AB6562B00C2E23C /* LaunchScreen.storyboard */ = {
			isa = PBXVariantGroup;
			children = (
				41B222EE2AB6562B00C2E23C /* Base */,
			);
			name = LaunchScreen.storyboard;
			sourceTree = "<group>";
		};
/* End PBXVariantGroup section */

/* Begin XCBuildConfiguration section */
		41B222F12AB6562B00C2E23C /* Debug */ = {
			isa = XCBuildConfiguration;
			buildSettings = {
				ALWAYS_SEARCH_USER_PATHS = NO;
				CLANG_ANALYZER_NONNULL = YES;
				CLANG_ANALYZER_NUMBER_OBJECT_CONVERSION = YES_AGGRESSIVE;
				CLANG_CXX_LANGUAGE_STANDARD = "gnu++20";
				CLANG_ENABLE_MODULES = YES;
				CLANG_ENABLE_OBJC_ARC = YES;
				CLANG_ENABLE_OBJC_WEAK = YES;
				CLANG_WARN_BLOCK_CAPTURE_AUTORELEASING = YES;
				CLANG_WARN_BOOL_CONVERSION = YES;
				CLANG_WARN_COMMA = YES;
				CLANG_WARN_CONSTANT_CONVERSION = YES;
				CLANG_WARN_DEPRECATED_OBJC_IMPLEMENTATIONS = YES;
				CLANG_WARN_DIRECT_OBJC_ISA_USAGE = YES_ERROR;
				CLANG_WARN_DOCUMENTATION_COMMENTS = YES;
				CLANG_WARN_EMPTY_BODY = YES;
				CLANG_WARN_ENUM_CONVERSION = YES;
				CLANG_WARN_INFINITE_RECURSION = YES;
				CLANG_WARN_INT_CONVERSION = YES;
				CLANG_WARN_NON_LITERAL_NULL_CONVERSION = YES;
				CLANG_WARN_OBJC_IMPLICIT_RETAIN_SELF = YES;
				CLANG_WARN_OBJC_LITERAL_CONVERSION = YES;
				CLANG_WARN_OBJC_ROOT_CLASS = YES_ERROR;
				CLANG_WARN_QUOTED_INCLUDE_IN_FRAMEWORK_HEADER = YES;
				CLANG_WARN_RANGE_LOOP_ANALYSIS = YES;
				CLANG_WARN_STRICT_PROTOTYPES = YES;
				CLANG_WARN_SUSPICIOUS_MOVE = YES;
				CLANG_WARN_UNGUARDED_AVAILABILITY = YES_AGGRESSIVE;
				CLANG_WARN_UNREACHABLE_CODE = YES;
				CLANG_WARN__DUPLICATE_METHOD_MATCH = YES;
				COPY_PHASE_STRIP = NO;
				DEBUG_INFORMATION_FORMAT = dwarf;
				ENABLE_STRICT_OBJC_MSGSEND = YES;
				ENABLE_TESTABILITY = YES;
				GCC_C_LANGUAGE_STANDARD = gnu11;
				GCC_DYNAMIC_NO_PIC = NO;
				GCC_NO_COMMON_BLOCKS = YES;
				GCC_OPTIMIZATION_LEVEL = 0;
				GCC_PREPROCESSOR_DEFINITIONS = (
					"DEBUG=1",
					"$(inherited)",
				);
				GCC_WARN_64_TO_32_BIT_CONVERSION = YES;
				GCC_WARN_ABOUT_RETURN_TYPE = YES_ERROR;
				GCC_WARN_UNDECLARED_SELECTOR = YES;
				GCC_WARN_UNINITIALIZED_AUTOS = YES_AGGRESSIVE;
				GCC_WARN_UNUSED_FUNCTION = YES;
				GCC_WARN_UNUSED_VARIABLE = YES;
				IPHONEOS_DEPLOYMENT_TARGET = 16.4;
				MTL_ENABLE_DEBUG_INFO = INCLUDE_SOURCE;
				MTL_FAST_MATH = YES;
				ONLY_ACTIVE_ARCH = YES;
				SDKROOT = iphoneos;
				SWIFT_ACTIVE_COMPILATION_CONDITIONS = DEBUG;
				SWIFT_OPTIMIZATION_LEVEL = "-Onone";
			};
			name = Debug;
		};
		41B222F22AB6562B00C2E23C /* Release */ = {
			isa = XCBuildConfiguration;
			buildSettings = {
				ALWAYS_SEARCH_USER_PATHS = NO;
				CLANG_ANALYZER_NONNULL = YES;
				CLANG_ANALYZER_NUMBER_OBJECT_CONVERSION = YES_AGGRESSIVE;
				CLANG_CXX_LANGUAGE_STANDARD = "gnu++20";
				CLANG_ENABLE_MODULES = YES;
				CLANG_ENABLE_OBJC_ARC = YES;
				CLANG_ENABLE_OBJC_WEAK = YES;
				CLANG_WARN_BLOCK_CAPTURE_AUTORELEASING = YES;
				CLANG_WARN_BOOL_CONVERSION = YES;
				CLANG_WARN_COMMA = YES;
				CLANG_WARN_CONSTANT_CONVERSION = YES;
				CLANG_WARN_DEPRECATED_OBJC_IMPLEMENTATIONS = YES;
				CLANG_WARN_DIRECT_OBJC_ISA_USAGE = YES_ERROR;
				CLANG_WARN_DOCUMENTATION_COMMENTS = YES;
				CLANG_WARN_EMPTY_BODY = YES;
				CLANG_WARN_ENUM_CONVERSION = YES;
				CLANG_WARN_INFINITE_RECURSION = YES;
				CLANG_WARN_INT_CONVERSION = YES;
				CLANG_WARN_NON_LITERAL_NULL_CONVERSION = YES;
				CLANG_WARN_OBJC_IMPLICIT_RETAIN_SELF = YES;
				CLANG_WARN_OBJC_LITERAL_CONVERSION = YES;
				CLANG_WARN_OBJC_ROOT_CLASS = YES_ERROR;
				CLANG_WARN_QUOTED_INCLUDE_IN_FRAMEWORK_HEADER = YES;
				CLANG_WARN_RANGE_LOOP_ANALYSIS = YES;
				CLANG_WARN_STRICT_PROTOTYPES = YES;
				CLANG_WARN_SUSPICIOUS_MOVE = YES;
				CLANG_WARN_UNGUARDED_AVAILABILITY = YES_AGGRESSIVE;
				CLANG_WARN_UNREACHABLE_CODE = YES;
				CLANG_WARN__DUPLICATE_METHOD_MATCH = YES;
				COPY_PHASE_STRIP = NO;
				DEBUG_INFORMATION_FORMAT = "dwarf-with-dsym";
				ENABLE_NS_ASSERTIONS = NO;
				ENABLE_STRICT_OBJC_MSGSEND = YES;
				GCC_C_LANGUAGE_STANDARD = gnu11;
				GCC_NO_COMMON_BLOCKS = YES;
				GCC_WARN_64_TO_32_BIT_CONVERSION = YES;
				GCC_WARN_ABOUT_RETURN_TYPE = YES_ERROR;
				GCC_WARN_UNDECLARED_SELECTOR = YES;
				GCC_WARN_UNINITIALIZED_AUTOS = YES_AGGRESSIVE;
				GCC_WARN_UNUSED_FUNCTION = YES;
				GCC_WARN_UNUSED_VARIABLE = YES;
				IPHONEOS_DEPLOYMENT_TARGET = 16.4;
				MTL_ENABLE_DEBUG_INFO = NO;
				MTL_FAST_MATH = YES;
				SDKROOT = iphoneos;
				SWIFT_COMPILATION_MODE = wholemodule;
				SWIFT_OPTIMIZATION_LEVEL = "-O";
				VALIDATE_PRODUCT = YES;
			};
			name = Release;
		};
		41B222F42AB6562B00C2E23C /* Debug */ = {
			isa = XCBuildConfiguration;
			buildSettings = {
				ASSETCATALOG_COMPILER_APPICON_NAME = AppIcon;
				ASSETCATALOG_COMPILER_GLOBAL_ACCENT_COLOR_NAME = AccentColor;
				CODE_SIGN_STYLE = Automatic;
				CURRENT_PROJECT_VERSION = 1;
				GENERATE_INFOPLIST_FILE = YES;
				INFOPLIST_FILE = RickAndMorty/Info.plist;
				INFOPLIST_KEY_UIApplicationSupportsIndirectInputEvents = YES;
				INFOPLIST_KEY_UILaunchStoryboardName = LaunchScreen;
				INFOPLIST_KEY_UISupportedInterfaceOrientations_iPad = "UIInterfaceOrientationPortrait UIInterfaceOrientationPortraitUpsideDown UIInterfaceOrientationLandscapeLeft UIInterfaceOrientationLandscapeRight";
				INFOPLIST_KEY_UISupportedInterfaceOrientations_iPhone = "UIInterfaceOrientationPortrait UIInterfaceOrientationLandscapeLeft UIInterfaceOrientationLandscapeRight";
				LD_RUNPATH_SEARCH_PATHS = (
					"$(inherited)",
					"@executable_path/Frameworks",
				);
				MARKETING_VERSION = 1.0;
				PRODUCT_BUNDLE_IDENTIFIER = paru.code.youtube.RickAndMorty;
				PRODUCT_NAME = "$(TARGET_NAME)";
				SWIFT_EMIT_LOC_STRINGS = YES;
				SWIFT_VERSION = 5.0;
				TARGETED_DEVICE_FAMILY = "1,2";
			};
			name = Debug;
		};
		41B222F52AB6562B00C2E23C /* Release */ = {
			isa = XCBuildConfiguration;
			buildSettings = {
				ASSETCATALOG_COMPILER_APPICON_NAME = AppIcon;
				ASSETCATALOG_COMPILER_GLOBAL_ACCENT_COLOR_NAME = AccentColor;
				CODE_SIGN_STYLE = Automatic;
				CURRENT_PROJECT_VERSION = 1;
				GENERATE_INFOPLIST_FILE = YES;
				INFOPLIST_FILE = RickAndMorty/Info.plist;
				INFOPLIST_KEY_UIApplicationSupportsIndirectInputEvents = YES;
				INFOPLIST_KEY_UILaunchStoryboardName = LaunchScreen;
				INFOPLIST_KEY_UISupportedInterfaceOrientations_iPad = "UIInterfaceOrientationPortrait UIInterfaceOrientationPortraitUpsideDown UIInterfaceOrientationLandscapeLeft UIInterfaceOrientationLandscapeRight";
				INFOPLIST_KEY_UISupportedInterfaceOrientations_iPhone = "UIInterfaceOrientationPortrait UIInterfaceOrientationLandscapeLeft UIInterfaceOrientationLandscapeRight";
				LD_RUNPATH_SEARCH_PATHS = (
					"$(inherited)",
					"@executable_path/Frameworks",
				);
				MARKETING_VERSION = 1.0;
				PRODUCT_BUNDLE_IDENTIFIER = paru.code.youtube.RickAndMorty;
				PRODUCT_NAME = "$(TARGET_NAME)";
				SWIFT_EMIT_LOC_STRINGS = YES;
				SWIFT_VERSION = 5.0;
				TARGETED_DEVICE_FAMILY = "1,2";
			};
			name = Release;
		};
/* End XCBuildConfiguration section */

/* Begin XCConfigurationList section */
		41B222DA2AB6562900C2E23C /* Build configuration list for PBXProject "RickAndMorty" */ = {
			isa = XCConfigurationList;
			buildConfigurations = (
				41B222F12AB6562B00C2E23C /* Debug */,
				41B222F22AB6562B00C2E23C /* Release */,
			);
			defaultConfigurationIsVisible = 0;
			defaultConfigurationName = Release;
		};
		41B222F32AB6562B00C2E23C /* Build configuration list for PBXNativeTarget "RickAndMorty" */ = {
			isa = XCConfigurationList;
			buildConfigurations = (
				41B222F42AB6562B00C2E23C /* Debug */,
				41B222F52AB6562B00C2E23C /* Release */,
			);
			defaultConfigurationIsVisible = 0;
			defaultConfigurationName = Release;
		};
/* End XCConfigurationList section */
	};
	rootObject = 41B222D72AB6562900C2E23C /* Project object */;
}
